
Microsoft Visual Studio Solution File, Format Version 12.00
# Visual Studio Version 16
VisualStudioVersion = 16.0.29020.237
MinimumVisualStudioVersion = 10.0.40219.1
Project("{9A19103F-16F7-4668-BE54-9A1E7A4F7556}") = "Imeshma", "Imeshma.csproj", "{FDBB7E43-EDEE-45E7-B67C-34967836B032}"
EndProject
Global
	GlobalSection(SolutionConfigurationPlatforms) = preSolution
		Debug|Any CPU = Debug|Any CPU
		Release|Any CPU = Release|Any CPU
	EndGlobalSection
	GlobalSection(ProjectConfigurationPlatforms) = postSolution
		{FDBB7E43-EDEE-45E7-B67C-34967836B032}.Debug|Any CPU.ActiveCfg = Debug|Any CPU
		{FDBB7E43-EDEE-45E7-B67C-34967836B032}.Debug|Any CPU.Build.0 = Debug|Any CPU
		{FDBB7E43-EDEE-45E7-B67C-34967836B032}.Release|Any CPU.ActiveCfg = Release|Any CPU
		{FDBB7E43-EDEE-45E7-B67C-34967836B032}.Release|Any CPU.Build.0 = Release|Any CPU
	EndGlobalSection
	GlobalSection(SolutionProperties) = preSolution
		HideSolutionNode = FALSE
	EndGlobalSection
	GlobalSection(ExtensibilityGlobals) = postSolution
		SolutionGuid = {8EF8AD9C-0CBF-4499-AF71-026A5AA2DF50}
	EndGlobalSection
EndGlobal
